PODS:
  - Flutter (1.0.0)
  - iOSDFULibrary (4.11.1):
    - ZIPFoundation (= 0.9.11)
  - TTLock (3.4.4)
  - ttlock_upgrade_flutter (0.0.1):
    - Flutter
    - TTLockDFU
  - TTLockDFU (3.4.4):
    - iOSDFULibrary (~> 4.11.0)
    - TTLock
  - ZIPFoundation (0.9.11)

DEPENDENCIES:
  - Flutter (from `Flutter`)
  - ttlock_upgrade_flutter (from `.symlinks/plugins/ttlock_upgrade_flutter/ios`)

SPEC REPOS:
  trunk:
    - iOSDFULibrary
    - TTLock
    - TTLockDFU
    - ZIPFoundation

EXTERNAL SOURCES:
  Flutter:
    :path: Flutter
  ttlock_upgrade_flutter:
    :path: ".symlinks/plugins/ttlock_upgrade_flutter/ios"

SPEC CHECKSUMS:
  Flutter: 434fef37c0980e73bb6479ef766c45957d4b510c
  iOSDFULibrary: 3500ac00451aa7d8ec48a752e91099669a2c1d27
  TTLock: 73481e25cb8c726d2fdcefa802d752736de9fa73
  ttlock_upgrade_flutter: c3bc575c06bfe279c52e88216adb339334ffdc96
  TTLockDFU: 9bcb3e1e6a3f25082e9dd7efcf69446337a052ad
  ZIPFoundation: b1f0de4eed33e74a676f76e12559ab6b75990197

PODFILE CHECKSUM: 663715e941f9adb426e33bf9376914006f9ea95b

COCOAPODS: 1.15.2
